
Microsoft Visual Studio Solution File, Format Version 12.00
# Visual Studio Version 16
VisualStudioVersion = 25.0.1700.7
MinimumVisualStudioVersion = 10.0.40219.1
Project("{FAE04EC0-301F-11D3-BF4B-00C04F79EFBC}") = "Workshop2", "Workshop2\Workshop2.csproj", "{D3457BB0-2473-42F0-BD54-EBFA7CABFE27}"
EndProject
Global
	GlobalSection(SolutionConfigurationPlatforms) = preSolution
		Debug|Any CPU = Debug|Any CPU
		Release|Any CPU = Release|Any CPU
	EndGlobalSection
	GlobalSection(ProjectConfigurationPlatforms) = postSolution
		{D3457BB0-2473-42F0-BD54-EBFA7CABFE27}.Debug|Any CPU.ActiveCfg = Debug|Any CPU
		{D3457BB0-2473-42F0-BD54-EBFA7CABFE27}.Debug|Any CPU.Build.0 = Debug|Any CPU
		{D3457BB0-2473-42F0-BD54-EBFA7CABFE27}.Release|Any CPU.ActiveCfg = Release|Any CPU
		{D3457BB0-2473-42F0-BD54-EBFA7CABFE27}.Release|Any CPU.Build.0 = Release|Any CPU
	EndGlobalSection
	GlobalSection(SolutionProperties) = preSolution
		HideSolutionNode = FALSE
	EndGlobalSection
	GlobalSection(ExtensibilityGlobals) = postSolution
		SolutionGuid = {BABE66E8-A921-4F9B-99A0-8AF266BFB072}
	EndGlobalSection
EndGlobal
